
Microsoft Visual Studio Solution File, Format Version 12.00
# Visual Studio 2012
Project("{FAE04EC0-301F-11D3-BF4B-00C04F79EFBC}") = "CrossfitApp", "CrossfitApp\CrossfitApp.csproj", "{F5AAC2FA-663E-49F8-8D57-A4C2848DC923}"
EndProject
Project("{FAE04EC0-301F-11D3-BF4B-00C04F79EFBC}") = "CrossfitApp.iOS", "iOS\CrossfitApp.iOS.csproj", "{260658C7-EB4E-4FDF-809E-D1E2A79B340B}"
EndProject
Project("{FAE04EC0-301F-11D3-BF4B-00C04F79EFBC}") = "CrossfitApp.Droid", "Droid\CrossfitApp.Droid.csproj", "{08AF4DF1-A507-4AFD-B850-7D0397F8B362}"
EndProject
Global
	GlobalSection(SolutionConfigurationPlatforms) = preSolution
		Debug|Any CPU = Debug|Any CPU
		Release|Any CPU = Release|Any CPU
		Debug|iPhoneSimulator = Debug|iPhoneSimulator
		Release|iPhone = Release|iPhone
		Release|iPhoneSimulator = Release|iPhoneSimulator
		Debug|iPhone = Debug|iPhone
	EndGlobalSection
	GlobalSection(ProjectConfigurationPlatforms) = postSolution
		{F5AAC2FA-663E-49F8-8D57-A4C2848DC923}.Debug|Any CPU.ActiveCfg = Debug|Any CPU
		{F5AAC2FA-663E-49F8-8D57-A4C2848DC923}.Debug|Any CPU.Build.0 = Debug|Any CPU
		{F5AAC2FA-663E-49F8-8D57-A4C2848DC923}.Release|Any CPU.ActiveCfg = Release|Any CPU
		{F5AAC2FA-663E-49F8-8D57-A4C2848DC923}.Release|Any CPU.Build.0 = Release|Any CPU
		{F5AAC2FA-663E-49F8-8D57-A4C2848DC923}.Debug|iPhoneSimulator.ActiveCfg = Debug|Any CPU
		{F5AAC2FA-663E-49F8-8D57-A4C2848DC923}.Debug|iPhoneSimulator.Build.0 = Debug|Any CPU
		{F5AAC2FA-663E-49F8-8D57-A4C2848DC923}.Release|iPhone.ActiveCfg = Release|Any CPU
		{F5AAC2FA-663E-49F8-8D57-A4C2848DC923}.Release|iPhone.Build.0 = Release|Any CPU
		{F5AAC2FA-663E-49F8-8D57-A4C2848DC923}.Release|iPhoneSimulator.ActiveCfg = Release|Any CPU
		{F5AAC2FA-663E-49F8-8D57-A4C2848DC923}.Release|iPhoneSimulator.Build.0 = Release|Any CPU
		{F5AAC2FA-663E-49F8-8D57-A4C2848DC923}.Debug|iPhone.ActiveCfg = Debug|Any CPU
		{F5AAC2FA-663E-49F8-8D57-A4C2848DC923}.Debug|iPhone.Build.0 = Debug|Any CPU
		{260658C7-EB4E-4FDF-809E-D1E2A79B340B}.Debug|Any CPU.ActiveCfg = Debug|iPhoneSimulator
		{260658C7-EB4E-4FDF-809E-D1E2A79B340B}.Debug|Any CPU.Build.0 = Debug|iPhoneSimulator
		{260658C7-EB4E-4FDF-809E-D1E2A79B340B}.Release|Any CPU.ActiveCfg = Release|iPhone
		{260658C7-EB4E-4FDF-809E-D1E2A79B340B}.Release|Any CPU.Build.0 = Release|iPhone
		{260658C7-EB4E-4FDF-809E-D1E2A79B340B}.Debug|iPhoneSimulator.ActiveCfg = Debug|iPhoneSimulator
		{260658C7-EB4E-4FDF-809E-D1E2A79B340B}.Debug|iPhoneSimulator.Build.0 = Debug|iPhoneSimulator
		{260658C7-EB4E-4FDF-809E-D1E2A79B340B}.Release|iPhone.ActiveCfg = Release|iPhone
		{260658C7-EB4E-4FDF-809E-D1E2A79B340B}.Release|iPhone.Build.0 = Release|iPhone
		{260658C7-EB4E-4FDF-809E-D1E2A79B340B}.Release|iPhoneSimulator.ActiveCfg = Release|iPhoneSimulator
		{260658C7-EB4E-4FDF-809E-D1E2A79B340B}.Release|iPhoneSimulator.Build.0 = Release|iPhoneSimulator
		{260658C7-EB4E-4FDF-809E-D1E2A79B340B}.Debug|iPhone.ActiveCfg = Debug|iPhone
		{260658C7-EB4E-4FDF-809E-D1E2A79B340B}.Debug|iPhone.Build.0 = Debug|iPhone
		{08AF4DF1-A507-4AFD-B850-7D0397F8B362}.Debug|Any CPU.ActiveCfg = Debug|Any CPU
		{08AF4DF1-A507-4AFD-B850-7D0397F8B362}.Debug|Any CPU.Build.0 = Debug|Any CPU
		{08AF4DF1-A507-4AFD-B850-7D0397F8B362}.Release|Any CPU.ActiveCfg = Release|Any CPU
		{08AF4DF1-A507-4AFD-B850-7D0397F8B362}.Release|Any CPU.Build.0 = Release|Any CPU
		{08AF4DF1-A507-4AFD-B850-7D0397F8B362}.Debug|iPhoneSimulator.ActiveCfg = Debug|Any CPU
		{08AF4DF1-A507-4AFD-B850-7D0397F8B362}.Debug|iPhoneSimulator.Build.0 = Debug|Any CPU
		{08AF4DF1-A507-4AFD-B850-7D0397F8B362}.Release|iPhone.ActiveCfg = Release|Any CPU
		{08AF4DF1-A507-4AFD-B850-7D0397F8B362}.Release|iPhone.Build.0 = Release|Any CPU
		{08AF4DF1-A507-4AFD-B850-7D0397F8B362}.Release|iPhoneSimulator.ActiveCfg = Release|Any CPU
		{08AF4DF1-A507-4AFD-B850-7D0397F8B362}.Release|iPhoneSimulator.Build.0 = Release|Any CPU
		{08AF4DF1-A507-4AFD-B850-7D0397F8B362}.Debug|iPhone.ActiveCfg = Debug|Any CPU
		{08AF4DF1-A507-4AFD-B850-7D0397F8B362}.Debug|iPhone.Build.0 = Debug|Any CPU
	EndGlobalSection
	GlobalSection(MonoDevelopProperties) = preSolution
		Policies = $0
		$0.NameConventionPolicy = $1
		$1.Rules = $2
		$2.NamingRule = $3
		$3.Name = Type Parameters
		$3.AffectedEntity = TypeParameter
		$3.VisibilityMask = VisibilityMask
		$3.NamingStyle = PascalCase
		$3.IncludeInstanceMembers = True
		$3.IncludeStaticEntities = True
		$3.RequiredPrefixes = $4
		$4.String = T
		$3.RequiredSuffixes = $5
		$5.String = Exception
		$0.VersionControlPolicy = $6
		$6.inheritsSet = Mono
	EndGlobalSection
EndGlobal
